
Microsoft Visual Studio Solution File, Format Version 12.00
# Visual Studio Version 16
VisualStudioVersion = 16.0.29926.136
MinimumVisualStudioVersion = 10.0.40219.1
Project("{FAE04EC0-301F-11D3-BF4B-00C04F79EFBC}") = "MyConsoleApp", "MyConsoleApp\MyConsoleApp.csproj", "{092F84B6-62A9-4769-AECE-0874480A0F2C}"
EndProject
Global
	GlobalSection(SolutionConfigurationPlatforms) = preSolution
		Debug|Any CPU = Debug|Any CPU
		Release|Any CPU = Release|Any CPU
	EndGlobalSection
	GlobalSection(ProjectConfigurationPlatforms) = postSolution
		{092F84B6-62A9-4769-AECE-0874480A0F2C}.Debug|Any CPU.ActiveCfg = Debug|Any CPU
		{092F84B6-62A9-4769-AECE-0874480A0F2C}.Debug|Any CPU.Build.0 = Debug|Any CPU
		{092F84B6-62A9-4769-AECE-0874480A0F2C}.Release|Any CPU.ActiveCfg = Release|Any CPU
		{092F84B6-62A9-4769-AECE-0874480A0F2C}.Release|Any CPU.Build.0 = Release|Any CPU
	EndGlobalSection
	GlobalSection(SolutionProperties) = preSolution
		HideSolutionNode = FALSE
	EndGlobalSection
	GlobalSection(ExtensibilityGlobals) = postSolution
		SolutionGuid = {6FE29332-DBDA-4547-9D87-AE3CB131A104}
	EndGlobalSection
EndGlobal
